
Microsoft Visual Studio Solution File, Format Version 12.00
# Visual Studio Version 17
VisualStudioVersion = 17.3.32929.385
MinimumVisualStudioVersion = 10.0.40219.1
Project("{FAE04EC0-301F-11D3-BF4B-00C04F79EFBC}") = "Registro PRUEBA", "Registro PRUEBA\Registro PRUEBA.csproj", "{AFD20669-F081-4AF0-82DA-C5E9CBA9AB73}"
EndProject
Global
	GlobalSection(SolutionConfigurationPlatforms) = preSolution
		Debug|Any CPU = Debug|Any CPU
		Release|Any CPU = Release|Any CPU
	EndGlobalSection
	GlobalSection(ProjectConfigurationPlatforms) = postSolution
		{AFD20669-F081-4AF0-82DA-C5E9CBA9AB73}.Debug|Any CPU.ActiveCfg = Debug|Any CPU
		{AFD20669-F081-4AF0-82DA-C5E9CBA9AB73}.Debug|Any CPU.Build.0 = Debug|Any CPU
		{AFD20669-F081-4AF0-82DA-C5E9CBA9AB73}.Release|Any CPU.ActiveCfg = Release|Any CPU
		{AFD20669-F081-4AF0-82DA-C5E9CBA9AB73}.Release|Any CPU.Build.0 = Release|Any CPU
	EndGlobalSection
	GlobalSection(SolutionProperties) = preSolution
		HideSolutionNode = FALSE
	EndGlobalSection
	GlobalSection(ExtensibilityGlobals) = postSolution
		SolutionGuid = {4AA90182-FBD2-41D6-B121-365C2AAB7689}
	EndGlobalSection
EndGlobal
